github.com/alecthomas/assert/v2 v2.3.0 h1:mAsH2wmvjsuvyBvAmCtm7zFsBlb8mIHx5ySLVdDZXL0=
github.com/alecthomas/assert/v2 v2.3.0/go.mod h1:pXcQ2Asjp247dahGEmsZ6ru0UVwnkhktn7S0bBDLxvQ=
github.com/alecthomas/participle/v2 v2.1.1 h1:hrjKESvSqGHzRb4yW1ciisFJ4p3MGYih6icjJvbsmV8=
github.com/alecthomas/participle/v2 v2.1.1/go.mod h1:Y1+hAs8DHPmc3YUFzqllV+eSQ9ljPTk0ZkPMtEdAx2c=
github.com/alecthomas/repr v0.2.0 h1:HAzS41CIzNW5syS8Mf9UwXhNH1J9aix/BvDRf1Ml2Yk=
github.com/alecthomas/repr v0.2.0/go.mod h1:Fr0507jx4eOXV7AlPV6AVZLYrLIuIeSOWtW57eE/O/4=
github.com/hexops/gotextdiff v1.0.3 h1:gitA9+qJrrTCsiCl7+kh75nPqQt1cx4ZkudSTLoUqJM=
github.com/hexops/gotextdiff v1.0.3/go.mod h1:pSWU5MAI3yDq+fZBTazCSJysOMbxWL1BSow5/V2vxeg=
github.com/jroimartin/gocui v0.5.0 h1:DCZc97zY9dMnHXJSJLLmx9VqiEnAj0yh0eTNpuEtG/4=
github.com/jroimartin/gocui v0.5.0/go.mod h1:l7Hz8DoYoL6NoYnlnaX6XCNR62G7J5FfSW5jEogzaxE=
github.com/mattn/go-runewidth v0.0.9 h1:Lm995f3rfxdpd6TSmuVCHVb/QhupuXlYr8sCI/QdE+0=
github.com/mattn/go-runewidth v0.0.9/go.mod h1:H031xJmbD/WCDINGzjvQ9THkh0rPKHF+m2gUSrubnMI=
github.com/nsf/termbox-go v1.1.1 h1:nksUPLCb73Q++DwbYUBEglYBRPZyoXJdrj5L+TkjyZY=
github.com/nsf/termbox-go v1.1.1/go.mod h1:T0cTdVuOwf7pHQNtfhnEbzHbcNyCEcVU4YPpouCbVxo=
